
Microsoft Visual Studio Solution File, Format Version 12.00
# Visual Studio Version 16
VisualStudioVersion = 16.0.29326.143
MinimumVisualStudioVersion = 10.0.40219.1
Project("{FAE04EC0-301F-11D3-BF4B-00C04F79EFBC}") = "SkillManagementServer", "SkillManagementServer\SkillManagementServer.csproj", "{9E9F2C4D-8266-4295-968F-C05DA5B3985E}"
EndProject
Project("{FAE04EC0-301F-11D3-BF4B-00C04F79EFBC}") = "Models", "Models\Models.csproj", "{FC316D82-8031-47A8-A39F-4F2BDBDC7F2E}"
EndProject
Project("{FAE04EC0-301F-11D3-BF4B-00C04F79EFBC}") = "Repositories", "Repositories\Repositories.csproj", "{3FFB3558-24F1-4E4F-B78C-F083F11C3B18}"
EndProject
Project("{FAE04EC0-301F-11D3-BF4B-00C04F79EFBC}") = "Services", "Services\Services.csproj", "{552B8F4B-5B61-4303-A3BE-8420FEFF19B5}"
EndProject
Global
	GlobalSection(SolutionConfigurationPlatforms) = preSolution
		Debug|Any CPU = Debug|Any CPU
		Release|Any CPU = Release|Any CPU
	EndGlobalSection
	GlobalSection(ProjectConfigurationPlatforms) = postSolution
		{9E9F2C4D-8266-4295-968F-C05DA5B3985E}.Debug|Any CPU.ActiveCfg = Debug|Any CPU
		{9E9F2C4D-8266-4295-968F-C05DA5B3985E}.Debug|Any CPU.Build.0 = Debug|Any CPU
		{9E9F2C4D-8266-4295-968F-C05DA5B3985E}.Release|Any CPU.ActiveCfg = Release|Any CPU
		{9E9F2C4D-8266-4295-968F-C05DA5B3985E}.Release|Any CPU.Build.0 = Release|Any CPU
		{FC316D82-8031-47A8-A39F-4F2BDBDC7F2E}.Debug|Any CPU.ActiveCfg = Debug|Any CPU
		{FC316D82-8031-47A8-A39F-4F2BDBDC7F2E}.Debug|Any CPU.Build.0 = Debug|Any CPU
		{FC316D82-8031-47A8-A39F-4F2BDBDC7F2E}.Release|Any CPU.ActiveCfg = Release|Any CPU
		{FC316D82-8031-47A8-A39F-4F2BDBDC7F2E}.Release|Any CPU.Build.0 = Release|Any CPU
		{3FFB3558-24F1-4E4F-B78C-F083F11C3B18}.Debug|Any CPU.ActiveCfg = Debug|Any CPU
		{3FFB3558-24F1-4E4F-B78C-F083F11C3B18}.Debug|Any CPU.Build.0 = Debug|Any CPU
		{3FFB3558-24F1-4E4F-B78C-F083F11C3B18}.Release|Any CPU.ActiveCfg = Release|Any CPU
		{3FFB3558-24F1-4E4F-B78C-F083F11C3B18}.Release|Any CPU.Build.0 = Release|Any CPU
		{552B8F4B-5B61-4303-A3BE-8420FEFF19B5}.Debug|Any CPU.ActiveCfg = Debug|Any CPU
		{552B8F4B-5B61-4303-A3BE-8420FEFF19B5}.Debug|Any CPU.Build.0 = Debug|Any CPU
		{552B8F4B-5B61-4303-A3BE-8420FEFF19B5}.Release|Any CPU.ActiveCfg = Release|Any CPU
		{552B8F4B-5B61-4303-A3BE-8420FEFF19B5}.Release|Any CPU.Build.0 = Release|Any CPU
	EndGlobalSection
	GlobalSection(SolutionProperties) = preSolution
		HideSolutionNode = FALSE
	EndGlobalSection
	GlobalSection(ExtensibilityGlobals) = postSolution
		SolutionGuid = {B76D06C9-CCFC-4859-B2AC-4C9A9B2F4F44}
	EndGlobalSection
EndGlobal
